
Microsoft Visual Studio Solution File, Format Version 12.00
# Visual Studio 15
VisualStudioVersion = 15.0.28307.1433
MinimumVisualStudioVersion = 10.0.40219.1
Project("{FAE04EC0-301F-11D3-BF4B-00C04F79EFBC}") = "4.C sharp Reading Input", "4.C sharp Reading Input\4.C sharp Reading Input.csproj", "{70286AE2-1653-4BEE-8CE7-3081F7419682}"
EndProject
Global
	GlobalSection(SolutionConfigurationPlatforms) = preSolution
		Debug|Any CPU = Debug|Any CPU
		Release|Any CPU = Release|Any CPU
	EndGlobalSection
	GlobalSection(ProjectConfigurationPlatforms) = postSolution
		{70286AE2-1653-4BEE-8CE7-3081F7419682}.Debug|Any CPU.ActiveCfg = Debug|Any CPU
		{70286AE2-1653-4BEE-8CE7-3081F7419682}.Debug|Any CPU.Build.0 = Debug|Any CPU
		{70286AE2-1653-4BEE-8CE7-3081F7419682}.Release|Any CPU.ActiveCfg = Release|Any CPU
		{70286AE2-1653-4BEE-8CE7-3081F7419682}.Release|Any CPU.Build.0 = Release|Any CPU
	EndGlobalSection
	GlobalSection(SolutionProperties) = preSolution
		HideSolutionNode = FALSE
	EndGlobalSection
	GlobalSection(ExtensibilityGlobals) = postSolution
		SolutionGuid = {DE207FDB-E0AD-4BBC-A88C-1B3D5B92273D}
	EndGlobalSection
EndGlobal
